<?xml version="1.0" encoding="utf-8"?>
<Project ToolsVersion="4.0" xmlns="http://schemas.microsoft.com/developer/msbuild/2003">
  <ItemGroup>
    <Filter Include="Original"><UniqueIdentifier>{AA6AF09B-9C5F-4A22-A9AA-A53041369E28}</UniqueIdentifier></Filter>
    <Filter Include="SDL"><UniqueIdentifier>{A638B13F-481D-4E72-9E20-A3A5244B333F}</UniqueIdentifier></Filter>
    <Filter Include="Build"><UniqueIdentifier>{4892653F-94B6-4EA2-9C5F-28A8DD2A4A6D}</UniqueIdentifier></Filter>
  </ItemGroup>
  <ItemGroup>    <ClCompile Include="src\Original\BTECH_0800_ANIMATE.c"><Filter>Original</Filter></ClCompile>
    <ClCompile Include="src\Original\BTECH_0800_COMBAT_DRAW.c"><Filter>Original</Filter></ClCompile>
    <ClCompile Include="src\Original\BTECH_0800_COMBAT_POSITION.c"><Filter>Original</Filter></ClCompile>
    <ClCompile Include="src\Original\BTECH_0800_DICE.c"><Filter>Original</Filter></ClCompile>
    <ClCompile Include="src\Original\BTECH_0800_DISK.c"><Filter>Original</Filter></ClCompile>
    <ClCompile Include="src\Original\BTECH_0800_DRAW.c"><Filter>Original</Filter></ClCompile>
    <ClCompile Include="src\Original\BTECH_0800_EFFECTS.c"><Filter>Original</Filter></ClCompile>
    <ClCompile Include="src\Original\BTECH_0800_INPUT.c"><Filter>Original</Filter></ClCompile>
    <ClCompile Include="src\Original\BTECH_0800_INSPECT.c"><Filter>Original</Filter></ClCompile>
    <ClCompile Include="src\Original\BTECH_0800_INTERACTIONS.c"><Filter>Original</Filter></ClCompile>
    <ClCompile Include="src\Original\BTECH_0800_LOAD.c"><Filter>Original</Filter></ClCompile>
    <ClCompile Include="src\Original\BTECH_0800_MAIN.c"><Filter>Original</Filter></ClCompile>
    <ClCompile Include="src\Original\BTECH_0800_MAPFILES.c"><Filter>Original</Filter></ClCompile>
    <ClCompile Include="src\Original\BTECH_0800_MOVEMENT.c"><Filter>Original</Filter></ClCompile>
    <ClCompile Include="src\Original\BTECH_0800_MUSIC.c"><Filter>Original</Filter></ClCompile>
    <ClCompile Include="src\Original\BTECH_0800_NEW_GAME.c"><Filter>Original</Filter></ClCompile>
    <ClCompile Include="src\Original\BTECH_0800_NPCS.c"><Filter>Original</Filter></ClCompile>
    <ClCompile Include="src\Original\BTECH_0800_OVERHEAD.c"><Filter>Original</Filter></ClCompile>
    <ClCompile Include="src\Original\BTECH_0800_OVERVIEW_DRAW.c"><Filter>Original</Filter></ClCompile>
    <ClCompile Include="src\Original\BTECH_0800_PAUSE.c"><Filter>Original</Filter></ClCompile>
    <ClCompile Include="src\Original\BTECH_0800_PILOT_MENU.c"><Filter>Original</Filter></ClCompile>
    <ClCompile Include="src\Original\BTECH_0800_POSITION.c"><Filter>Original</Filter></ClCompile>
    <ClCompile Include="src\Original\BTECH_0800_SAVE.c"><Filter>Original</Filter></ClCompile>
    <ClCompile Include="src\Original\BTECH_0800_SCENE.c"><Filter>Original</Filter></ClCompile>
    <ClCompile Include="src\Original\BTECH_0800_SETTINGS.c"><Filter>Original</Filter></ClCompile>
    <ClCompile Include="src\Original\BTECH_0800_SIDEBAR.c"><Filter>Original</Filter></ClCompile>
    <ClCompile Include="src\Original\BTECH_0800_SOUND_GATE.c"><Filter>Original</Filter></ClCompile>
    <ClCompile Include="src\Original\BTECH_0800_START.c"><Filter>Original</Filter></ClCompile>
    <ClCompile Include="src\Original\BTECH_0800_TEXT.c"><Filter>Original</Filter></ClCompile>
    <ClCompile Include="src\Original\BTECH_0800_TILESET.c"><Filter>Original</Filter></ClCompile>
    <ClCompile Include="src\Original\BTECH_0800_TITLE.c"><Filter>Original</Filter></ClCompile>
    <ClCompile Include="src\Original\BTECH_0800_WALK.c"><Filter>Original</Filter></ClCompile>
    <ClCompile Include="src\Original\BTECH_0800.c"><Filter>Original</Filter></ClCompile>
    <ClCompile Include="src\Original\BTECH_0D27.c"><Filter>Original</Filter></ClCompile>
    <ClCompile Include="src\Original\BTECH_0DAB_COMPONENT_SALVAGE.c"><Filter>Original</Filter></ClCompile>
    <ClCompile Include="src\Original\BTECH_0DAB_DESCRIPTION.c"><Filter>Original</Filter></ClCompile>
    <ClCompile Include="src\Original\BTECH_0DAB_ENCOUNTER.c"><Filter>Original</Filter></ClCompile>
    <ClCompile Include="src\Original\BTECH_0DAB_GAUGE.c"><Filter>Original</Filter></ClCompile>
    <ClCompile Include="src\Original\BTECH_0DAB_LOOT.c"><Filter>Original</Filter></ClCompile>
    <ClCompile Include="src\Original\BTECH_0DAB_PIPS.c"><Filter>Original</Filter></ClCompile>
    <ClCompile Include="src\Original\BTECH_0DAB_SALVAGE.c"><Filter>Original</Filter></ClCompile>
    <ClCompile Include="src\Original\BTECH_0DAB_SCAN_BROWSER.c"><Filter>Original</Filter></ClCompile>
    <ClCompile Include="src\Original\BTECH_0DAB_STATS_DATA.c"><Filter>Original</Filter></ClCompile>
    <ClCompile Include="src\Original\BTECH_0DAB_STATS.c"><Filter>Original</Filter></ClCompile>
    <ClCompile Include="src\Original\BTECH_0DAB.c"><Filter>Original</Filter></ClCompile>
    <ClCompile Include="src\Original\BTECH_0FDC_ARENA.c"><Filter>Original</Filter></ClCompile>
    <ClCompile Include="src\Original\BTECH_0FDC_BLD.c"><Filter>Original</Filter></ClCompile>
    <ClCompile Include="src\Original\BTECH_0FDC_ENTRY.c"><Filter>Original</Filter></ClCompile>
    <ClCompile Include="src\Original\BTECH_0FDC_EQUIPMENT.c"><Filter>Original</Filter></ClCompile>
    <ClCompile Include="src\Original\BTECH_0FDC_INTERPRETER.c"><Filter>Original</Filter></ClCompile>
    <ClCompile Include="src\Original\BTECH_0FDC_MISSION_VIEW.c"><Filter>Original</Filter></ClCompile>
    <ClCompile Include="src\Original\BTECH_0FDC_MISSION.c"><Filter>Original</Filter></ClCompile>
    <ClCompile Include="src\Original\BTECH_0FDC_OCCUPANTS.c"><Filter>Original</Filter></ClCompile>
    <ClCompile Include="src\Original\BTECH_0FDC_SPAWN.c"><Filter>Original</Filter></ClCompile>
    <ClCompile Include="src\Original\BTECH_0FDC_STOCK_TEXT.c"><Filter>Original</Filter></ClCompile>
    <ClCompile Include="src\Original\BTECH_11B8_AMMO.c"><Filter>Original</Filter></ClCompile>
    <ClCompile Include="src\Original\BTECH_11B8_ARENA_PATCH.c"><Filter>Original</Filter></ClCompile>
    <ClCompile Include="src\Original\BTECH_11B8_FAILED_START.c"><Filter>Original</Filter></ClCompile>
    <ClCompile Include="src\Original\BTECH_11B8_JAILBREAK.c"><Filter>Original</Filter></ClCompile>
    <ClCompile Include="src\Original\BTECH_11B8_RECRUIT.c"><Filter>Original</Filter></ClCompile>
    <ClCompile Include="src\Original\BTECH_11B8_REX.c"><Filter>Original</Filter></ClCompile>
    <ClCompile Include="src\Original\BTECH_11B8_UPGRADES.c"><Filter>Original</Filter></ClCompile>
    <ClCompile Include="src\Original\BTECH_11B8.c"><Filter>Original</Filter></ClCompile>
    <ClCompile Include="src\Original\BTECH_135D_CACHE.c"><Filter>Original</Filter></ClCompile>
    <ClCompile Include="src\Original\BTECH_135D_DOORS.c"><Filter>Original</Filter></ClCompile>
    <ClCompile Include="src\Original\BTECH_135D_MAPROOM.c"><Filter>Original</Filter></ClCompile>
    <ClCompile Include="src\Original\BTECH_135D_OVERVIEW.c"><Filter>Original</Filter></ClCompile>
    <ClCompile Include="src\Original\BTECH_135D_STAR_PUZZLE.c"><Filter>Original</Filter></ClCompile>
    <ClCompile Include="src\Original\BTECH_135D_TERMINALS.c"><Filter>Original</Filter></ClCompile>
    <ClCompile Include="src\Original\BTECH_1431.c"><Filter>Original</Filter></ClCompile>
    <ClCompile Include="src\Original\BTECH_1467_ASSIGN.c"><Filter>Original</Filter></ClCompile>
    <ClCompile Include="src\Original\BTECH_1467_CLEAR_PLAN.c"><Filter>Original</Filter></ClCompile>
    <ClCompile Include="src\Original\BTECH_1467_SELECT.c"><Filter>Original</Filter></ClCompile>
    <ClCompile Include="src\Original\BTECH_1543_DECIMAL.c"><Filter>Original</Filter></ClCompile>
    <ClCompile Include="src\Original\BTECH_1543_EJECT.c"><Filter>Original</Filter></ClCompile>
    <ClCompile Include="src\Original\BTECH_1543_MAP_PATCH.c"><Filter>Original</Filter></ClCompile>
    <ClCompile Include="src\Original\BTECH_1543_TARGET.c"><Filter>Original</Filter></ClCompile>
    <ClCompile Include="src\Original\BTECH_1543_WEAPON_MENU.c"><Filter>Original</Filter></ClCompile>
    <ClCompile Include="src\Original\BTECH_1631_AI.c"><Filter>Original</Filter></ClCompile>
    <ClCompile Include="src\Original\BTECH_1631_CASH.c"><Filter>Original</Filter></ClCompile>
    <ClCompile Include="src\Original\BTECH_1631_CRITICAL.c"><Filter>Original</Filter></ClCompile>
    <ClCompile Include="src\Original\BTECH_1631_EFFECT_DRAW.c"><Filter>Original</Filter></ClCompile>
    <ClCompile Include="src\Original\BTECH_1631_EFFECT_POSITION.c"><Filter>Original</Filter></ClCompile>
    <ClCompile Include="src\Original\BTECH_1631_HEALTH.c"><Filter>Original</Filter></ClCompile>
    <ClCompile Include="src\Original\BTECH_1631_HEAT.c"><Filter>Original</Filter></ClCompile>
    <ClCompile Include="src\Original\BTECH_1631_HIT_TEXT.c"><Filter>Original</Filter></ClCompile>
    <ClCompile Include="src\Original\BTECH_1631_OCCUPANCY.c"><Filter>Original</Filter></ClCompile>
    <ClCompile Include="src\Original\BTECH_1631_PATH.c"><Filter>Original</Filter></ClCompile>
    <ClCompile Include="src\Original\BTECH_1631_RANGE.c"><Filter>Original</Filter></ClCompile>
    <ClCompile Include="src\Original\BTECH_1631_REFRESH.c"><Filter>Original</Filter></ClCompile>
    <ClCompile Include="src\Original\BTECH_1631_STEP.c"><Filter>Original</Filter></ClCompile>
    <ClCompile Include="src\Original\BTECH_1631_TRANSFER.c"><Filter>Original</Filter></ClCompile>
    <ClCompile Include="src\Original\BTECH_1631_WEAPON.c"><Filter>Original</Filter></ClCompile>
    <ClCompile Include="src\Original\BTECH_183B_COMPUTER_GROUP.c"><Filter>Original</Filter></ClCompile>
    <ClCompile Include="src\Original\BTECH_183B_CONTROLLER.c"><Filter>Original</Filter></ClCompile>
    <ClCompile Include="src\Original\BTECH_183B_ENCOUNTER.c"><Filter>Original</Filter></ClCompile>
    <ClCompile Include="src\Original\BTECH_183B_KICK.c"><Filter>Original</Filter></ClCompile>
    <ClCompile Include="src\Original\BTECH_183B_MECH_MOVEMENT.c"><Filter>Original</Filter></ClCompile>
    <ClCompile Include="src\Original\BTECH_183B_MENU.c"><Filter>Original</Filter></ClCompile>
    <ClCompile Include="src\Original\BTECH_183B_PLAN_UI.c"><Filter>Original</Filter></ClCompile>
    <ClCompile Include="src\Original\BTECH_183B_PLAN.c"><Filter>Original</Filter></ClCompile>
    <ClCompile Include="src\Original\BTECH_183B_PREVIEW.c"><Filter>Original</Filter></ClCompile>
    <ClCompile Include="src\Original\BTECH_183B_REGISTER_EFFECT.c"><Filter>Original</Filter></ClCompile>
    <ClCompile Include="src\Original\BTECH_183B_SCAN.c"><Filter>Original</Filter></ClCompile>
    <ClCompile Include="src\Original\BTECH_183B_SETTINGS.c"><Filter>Original</Filter></ClCompile>
    <ClCompile Include="src\Original\BTECH_183B.c"><Filter>Original</Filter></ClCompile>
    <ClCompile Include="src\Original\BTECH_1AE8_ANIMATION_DATA.c"><Filter>Original</Filter></ClCompile>
    <ClCompile Include="src\Original\BTECH_1AE8_DATA.c"><Filter>Original</Filter></ClCompile>
    <ClCompile Include="src\Original\BTECH_1AE8_EFFECTS.c"><Filter>Original</Filter></ClCompile>
    <ClCompile Include="src\Original\BTECH_1AE8_FIRE.c"><Filter>Original</Filter></ClCompile>
    <ClCompile Include="src\Original\BTECH_1AE8_MECHANICS.c"><Filter>Original</Filter></ClCompile>
    <ClCompile Include="src\Original\BTECH_1CD3_DIALOGS.c"><Filter>Original</Filter></ClCompile>
    <ClCompile Include="src\Original\BTECH_1CD3_MESSAGE.c"><Filter>Original</Filter></ClCompile>
    <ClCompile Include="src\Original\BTECH_1CD3_TEXT.c"><Filter>Original</Filter></ClCompile>
    <ClCompile Include="src\Original\BTECH_1E56_BORDER.c"><Filter>Original</Filter></ClCompile>
    <ClCompile Include="src\Original\BTECH_1E56_CAPTURE.c"><Filter>Original</Filter></ClCompile>
    <ClCompile Include="src\Original\BTECH_1E56_CLEAR.c"><Filter>Original</Filter></ClCompile>
    <ClCompile Include="src\Original\BTECH_1E56_DIALOGUE.c"><Filter>Original</Filter></ClCompile>
    <ClCompile Include="src\Original\BTECH_1E56_LAYOUT.c"><Filter>Original</Filter></ClCompile>
    <ClCompile Include="src\Original\BTECH_1E56_MENU.c"><Filter>Original</Filter></ClCompile>
    <ClCompile Include="src\Original\BTECH_1E56_TEXTBOX.c"><Filter>Original</Filter></ClCompile>
    <ClCompile Include="src\Original\BTECH_1E56.c"><Filter>Original</Filter></ClCompile>
    <ClCompile Include="src\Original\BTECH_1F3D_ALLOCATE.c"><Filter>Original</Filter></ClCompile>
    <ClCompile Include="src\Original\BTECH_1F3D_DECODE.c"><Filter>Original</Filter></ClCompile>
    <ClCompile Include="src\Original\BTECH_1F3D_FILES.c"><Filter>Original</Filter></ClCompile>
    <ClCompile Include="src\Original\BTECH_1F3D_FONT.c"><Filter>Original</Filter></ClCompile>
    <ClCompile Include="src\Original\BTECH_1F3D_IMAGE.c"><Filter>Original</Filter></ClCompile>
    <ClCompile Include="src\Original\BTECH_1F3D_INPUT.c"><Filter>Original</Filter></ClCompile>
    <ClCompile Include="src\Original\BTECH_1F3D_LINES.c"><Filter>Original</Filter></ClCompile>
    <ClCompile Include="src\Original\BTECH_1F3D_PALETTE.c"><Filter>Original</Filter></ClCompile>
    <ClCompile Include="src\Original\BTECH_1F3D_SPRITE_CAPTURE.c"><Filter>Original</Filter></ClCompile>
    <ClCompile Include="src\Original\BTECH_1F3D.c"><Filter>Original</Filter></ClCompile>
    <ClCompile Include="src\Original\BTECH_1FC5_DISPATCH.c"><Filter>Original</Filter></ClCompile>
    <ClCompile Include="src\Original\BTECH_1FC5_NOISE.c"><Filter>Original</Filter></ClCompile>
    <ClCompile Include="src\Original\BTECH_1FC5_PLATFORM.c"><Filter>Original</Filter></ClCompile>
    <ClCompile Include="src\Original\BTECH_1FC5_REPETITIONS.c"><Filter>Original</Filter></ClCompile>
    <ClCompile Include="src\Original\BTECH_1FC5_SWEEPS.c"><Filter>Original</Filter></ClCompile>
    <ClCompile Include="src\Original\BTECH_1FC5_TONES.c"><Filter>Original</Filter></ClCompile>
    <ClCompile Include="src\Original\BTECH_204B.c"><Filter>Original</Filter></ClCompile>
    <ClCompile Include="src\Original\BTECH_207F_ABS.c"><Filter>Original</Filter></ClCompile>
    <ClCompile Include="src\Original\BTECH_207F_ADJACENCY.c"><Filter>Original</Filter></ClCompile>
    <ClCompile Include="src\Original\BTECH_207F_ALLOCATE.c"><Filter>Original</Filter></ClCompile>
    <ClCompile Include="src\Original\BTECH_207F_ANM_DECODE.c"><Filter>Original</Filter></ClCompile>
    <ClCompile Include="src\Original\BTECH_207F_COMBAT_CACHE.c"><Filter>Original</Filter></ClCompile>
    <ClCompile Include="src\Original\BTECH_207F_CONSTRUCTION.c"><Filter>Original</Filter></ClCompile>
    <ClCompile Include="src\Original\BTECH_207F_DECODE.c"><Filter>Original</Filter></ClCompile>
    <ClCompile Include="src\Original\BTECH_207F_DIRECTION.c"><Filter>Original</Filter></ClCompile>
    <ClCompile Include="src\Original\BTECH_207F_FRAMEBUFFER.c"><Filter>Original</Filter></ClCompile>
    <ClCompile Include="src\Original\BTECH_207F_HIGHLIGHT.c"><Filter>Original</Filter></ClCompile>
    <ClCompile Include="src\Original\BTECH_207F_MAP_RENDER.c"><Filter>Original</Filter></ClCompile>
    <ClCompile Include="src\Original\BTECH_207F_MAPCACHE.c"><Filter>Original</Filter></ClCompile>
    <ClCompile Include="src\Original\BTECH_207F_NUMBERS.c"><Filter>Original</Filter></ClCompile>
    <ClCompile Include="src\Original\BTECH_207F_OVERVIEW.c"><Filter>Original</Filter></ClCompile>
    <ClCompile Include="src\Original\BTECH_207F_PIXELS.c"><Filter>Original</Filter></ClCompile>
    <ClCompile Include="src\Original\BTECH_207F_PLANAR.c"><Filter>Original</Filter></ClCompile>
    <ClCompile Include="src\Original\BTECH_207F_RANDOM.c"><Filter>Original</Filter></ClCompile>
    <ClCompile Include="src\Original\BTECH_207F_ROW_COPY.c"><Filter>Original</Filter></ClCompile>
    <ClCompile Include="src\Original\BTECH_207F_SCROLL.c"><Filter>Original</Filter></ClCompile>
    <ClCompile Include="src\Original\BTECH_207F_TEXT.c"><Filter>Original</Filter></ClCompile>
    <ClCompile Include="src\Original\BTECH_207F_TILE.c"><Filter>Original</Filter></ClCompile>
    <ClCompile Include="src\Original\BTECH_207F.c"><Filter>Original</Filter></ClCompile>
    <ClCompile Include="src\Original\BTECH_ANIMATION_DATA.c"><Filter>Original</Filter></ClCompile>
    <ClCompile Include="src\Original\BTECH_COMBAT_DATA.c"><Filter>Original</Filter></ClCompile>
    <ClCompile Include="src\Original\BTECH_COMBAT_PROJECTION_DATA.c"><Filter>Original</Filter></ClCompile>
    <ClCompile Include="src\Original\BTECH_DATA.c"><Filter>Original</Filter></ClCompile>
    <ClCompile Include="src\Original\BTECH_FONT_DATA.c"><Filter>Original</Filter></ClCompile>
    <ClCompile Include="src\Original\BTECH_MAP_DATA.c"><Filter>Original</Filter></ClCompile>
    <ClCompile Include="src\Original\BTECH_MECHREFS.c"><Filter>Original</Filter></ClCompile>
    <ClCompile Include="src\Original\BTECH_MENU_DATA.c"><Filter>Original</Filter></ClCompile>
    <ClCompile Include="src\Original\BTECH_SCENE_DATA.c"><Filter>Original</Filter></ClCompile>
    <ClCompile Include="src\Original\BTECH_SOUND_DATA.c"><Filter>Original</Filter></ClCompile>
    <ClCompile Include="src\Original\BTECH_WEAPONS.c"><Filter>Original</Filter></ClCompile>
    <ClCompile Include="src\Original\BTECH_WORLD_DATA.c"><Filter>Original</Filter></ClCompile>
    <ClCompile Include="src\Original\DOS_CONSOLE.c"><Filter>Original</Filter></ClCompile>
    <ClCompile Include="src\Original\DOS_IO.c"><Filter>Original</Filter></ClCompile>
    <ClInclude Include="src\Original\dos.h"><Filter>Original</Filter></ClInclude>
    <ClInclude Include="src\Original\game.h"><Filter>Original</Filter></ClInclude>
    <ClInclude Include="src\Original\mech.h"><Filter>Original</Filter></ClInclude>
    <ClInclude Include="src\Original\music.h"><Filter>Original</Filter></ClInclude>
    <ClInclude Include="src\SDL\backend.h"><Filter>SDL</Filter></ClInclude>
    <ClCompile Include="src\SDL\ega.c"><Filter>SDL</Filter></ClCompile>
    <ClCompile Include="src\SDL\io.c"><Filter>SDL</Filter></ClCompile>
    <ClCompile Include="src\SDL\main.c"><Filter>SDL</Filter></ClCompile>
    <ClCompile Include="src\SDL\memory.c"><Filter>SDL</Filter></ClCompile>
    <ClCompile Include="src\SDL\music_timer.c"><Filter>SDL</Filter></ClCompile>
    <ClCompile Include="src\SDL\video_audio.c"><Filter>SDL</Filter></ClCompile>
    <None Include="Build.ps1"><Filter>Build</Filter></None>
    <None Include="CMakeLists.txt"><Filter>Build</Filter></None>
    <None Include="README.md"><Filter>Build</Filter></None>
    <None Include="Run.ps1"><Filter>Build</Filter></None>
    <None Include="Run-Inception.ps1"><Filter>Build</Filter></None>
    <None Include="config\CrescentHawksInception.ini"><Filter>Build</Filter></None>
  </ItemGroup>
</Project>
